
Microsoft Visual Studio Solution File, Format Version 12.00
# Visual Studio Version 16
VisualStudioVersion = 16.0.30011.22
MinimumVisualStudioVersion = 10.0.40219.1
Project("{FAE04EC0-301F-11D3-BF4B-00C04F79EFBC}") = "APBD-Tutorial-12-MVC-Web-Movie-App", "APBD-Tutorial-12-MVC-Web-Movie-App\APBD-Tutorial-12-MVC-Web-Movie-App.csproj", "{1E85BFDF-C8E5-4168-BB11-210D708D78C2}"
EndProject
Global
	GlobalSection(SolutionConfigurationPlatforms) = preSolution
		Debug|Any CPU = Debug|Any CPU
		Release|Any CPU = Release|Any CPU
	EndGlobalSection
	GlobalSection(ProjectConfigurationPlatforms) = postSolution
		{1E85BFDF-C8E5-4168-BB11-210D708D78C2}.Debug|Any CPU.ActiveCfg = Debug|Any CPU
		{1E85BFDF-C8E5-4168-BB11-210D708D78C2}.Debug|Any CPU.Build.0 = Debug|Any CPU
		{1E85BFDF-C8E5-4168-BB11-210D708D78C2}.Release|Any CPU.ActiveCfg = Release|Any CPU
		{1E85BFDF-C8E5-4168-BB11-210D708D78C2}.Release|Any CPU.Build.0 = Release|Any CPU
	EndGlobalSection
	GlobalSection(SolutionProperties) = preSolution
		HideSolutionNode = FALSE
	EndGlobalSection
	GlobalSection(ExtensibilityGlobals) = postSolution
		SolutionGuid = {D2486618-9298-4AB2-B787-2493C8DEBE32}
	EndGlobalSection
EndGlobal
