
Microsoft Visual Studio Solution File, Format Version 12.00
# Visual Studio Version 16
VisualStudioVersion = 16.0.29911.84
MinimumVisualStudioVersion = 10.0.40219.1
Project("{FAE04EC0-301F-11D3-BF4B-00C04F79EFBC}") = "APBD-Tutorial-04-API-Real-DB", "APBD-Tutorial-04-API-Real-DB.csproj", "{63014789-5521-4D55-BC50-B8CFEB406BE6}"
EndProject
Global
	GlobalSection(SolutionConfigurationPlatforms) = preSolution
		Debug|Any CPU = Debug|Any CPU
		Release|Any CPU = Release|Any CPU
	EndGlobalSection
	GlobalSection(ProjectConfigurationPlatforms) = postSolution
		{63014789-5521-4D55-BC50-B8CFEB406BE6}.Debug|Any CPU.ActiveCfg = Debug|Any CPU
		{63014789-5521-4D55-BC50-B8CFEB406BE6}.Debug|Any CPU.Build.0 = Debug|Any CPU
		{63014789-5521-4D55-BC50-B8CFEB406BE6}.Release|Any CPU.ActiveCfg = Release|Any CPU
		{63014789-5521-4D55-BC50-B8CFEB406BE6}.Release|Any CPU.Build.0 = Release|Any CPU
	EndGlobalSection
	GlobalSection(SolutionProperties) = preSolution
		HideSolutionNode = FALSE
	EndGlobalSection
	GlobalSection(ExtensibilityGlobals) = postSolution
		SolutionGuid = {EFBFF86C-4B75-45B9-9164-BA253E12687F}
	EndGlobalSection
EndGlobal
