
Microsoft Visual Studio Solution File, Format Version 12.00
# Visual Studio Version 16
VisualStudioVersion = 16.0.29911.84
MinimumVisualStudioVersion = 10.0.40219.1
Project("{FAE04EC0-301F-11D3-BF4B-00C04F79EFBC}") = "TASK2 APBD s16941", "TASK2 APBD s16941\TASK2 APBD s16941.csproj", "{ED60D9D9-120D-45C4-8F5B-8FB2DD132F29}"
EndProject
Global
	GlobalSection(SolutionConfigurationPlatforms) = preSolution
		Debug|Any CPU = Debug|Any CPU
		Release|Any CPU = Release|Any CPU
	EndGlobalSection
	GlobalSection(ProjectConfigurationPlatforms) = postSolution
		{ED60D9D9-120D-45C4-8F5B-8FB2DD132F29}.Debug|Any CPU.ActiveCfg = Debug|Any CPU
		{ED60D9D9-120D-45C4-8F5B-8FB2DD132F29}.Debug|Any CPU.Build.0 = Debug|Any CPU
		{ED60D9D9-120D-45C4-8F5B-8FB2DD132F29}.Release|Any CPU.ActiveCfg = Release|Any CPU
		{ED60D9D9-120D-45C4-8F5B-8FB2DD132F29}.Release|Any CPU.Build.0 = Release|Any CPU
	EndGlobalSection
	GlobalSection(SolutionProperties) = preSolution
		HideSolutionNode = FALSE
	EndGlobalSection
	GlobalSection(ExtensibilityGlobals) = postSolution
		SolutionGuid = {831914D9-28E4-4D3B-983F-B8AE0A16CE98}
	EndGlobalSection
EndGlobal
