
Microsoft Visual Studio Solution File, Format Version 12.00
# Visual Studio Version 16
VisualStudioVersion = 16.0.30011.22
MinimumVisualStudioVersion = 10.0.40219.1
Project("{FAE04EC0-301F-11D3-BF4B-00C04F79EFBC}") = "APBD-Tutorial-11-Code-First-Approche", "APBD-Tutorial-11-Code-First-Approche\APBD-Tutorial-11-Code-First-Approche.csproj", "{DCC61B16-8F7A-4290-9C7D-4C4E937D1337}"
EndProject
Global
	GlobalSection(SolutionConfigurationPlatforms) = preSolution
		Debug|Any CPU = Debug|Any CPU
		Release|Any CPU = Release|Any CPU
	EndGlobalSection
	GlobalSection(ProjectConfigurationPlatforms) = postSolution
		{DCC61B16-8F7A-4290-9C7D-4C4E937D1337}.Debug|Any CPU.ActiveCfg = Debug|Any CPU
		{DCC61B16-8F7A-4290-9C7D-4C4E937D1337}.Debug|Any CPU.Build.0 = Debug|Any CPU
		{DCC61B16-8F7A-4290-9C7D-4C4E937D1337}.Release|Any CPU.ActiveCfg = Release|Any CPU
		{DCC61B16-8F7A-4290-9C7D-4C4E937D1337}.Release|Any CPU.Build.0 = Release|Any CPU
	EndGlobalSection
	GlobalSection(SolutionProperties) = preSolution
		HideSolutionNode = FALSE
	EndGlobalSection
	GlobalSection(ExtensibilityGlobals) = postSolution
		SolutionGuid = {0230C897-F6EC-40C3-90A2-FEC380079664}
	EndGlobalSection
EndGlobal
